
Microsoft Visual Studio Solution File, Format Version 12.00
# Visual Studio Version 17
VisualStudioVersion = 17.7.34031.279
MinimumVisualStudioVersion = 10.0.40219.1
Project("{FAE04EC0-301F-11D3-BF4B-00C04F79EFBC}") = "DbContextInAnotherProject", "DbContextInAnotherProject.csproj", "{4911B577-95FB-426B-9077-70829BF498C0}"
EndProject
Project("{FAE04EC0-301F-11D3-BF4B-00C04F79EFBC}") = "Data", "..\Data\Data.csproj", "{8EE48B2C-D267-40BF-B437-707DA50A3E88}"
EndProject
Global
	GlobalSection(SolutionConfigurationPlatforms) = preSolution
		Debug|Any CPU = Debug|Any CPU
		Release|Any CPU = Release|Any CPU
	EndGlobalSection
	GlobalSection(ProjectConfigurationPlatforms) = postSolution
		{4911B577-95FB-426B-9077-70829BF498C0}.Debug|Any CPU.ActiveCfg = Debug|Any CPU
		{4911B577-95FB-426B-9077-70829BF498C0}.Debug|Any CPU.Build.0 = Debug|Any CPU
		{4911B577-95FB-426B-9077-70829BF498C0}.Release|Any CPU.ActiveCfg = Release|Any CPU
		{4911B577-95FB-426B-9077-70829BF498C0}.Release|Any CPU.Build.0 = Release|Any CPU
		{8EE48B2C-D267-40BF-B437-707DA50A3E88}.Debug|Any CPU.ActiveCfg = Debug|Any CPU
		{8EE48B2C-D267-40BF-B437-707DA50A3E88}.Debug|Any CPU.Build.0 = Debug|Any CPU
		{8EE48B2C-D267-40BF-B437-707DA50A3E88}.Release|Any CPU.ActiveCfg = Release|Any CPU
		{8EE48B2C-D267-40BF-B437-707DA50A3E88}.Release|Any CPU.Build.0 = Release|Any CPU
	EndGlobalSection
	GlobalSection(SolutionProperties) = preSolution
		HideSolutionNode = FALSE
	EndGlobalSection
	GlobalSection(ExtensibilityGlobals) = postSolution
		SolutionGuid = {BC898DF0-76D2-44B0-8293-3BA74C4EDCD2}
	EndGlobalSection
EndGlobal
